
Microsoft Visual Studio Solution File, Format Version 12.00
# Visual Studio Version 17
VisualStudioVersion = 17.4.33103.184
MinimumVisualStudioVersion = 10.0.40219.1
Project("{9A19103F-16F7-4668-BE54-9A1E7A4F7556}") = "DesignPatterns", "DesignPatterns\DesignPatterns.csproj", "{EFE6E352-3E15-46A4-88D7-73A477E76A77}"
EndProject
Project("{9A19103F-16F7-4668-BE54-9A1E7A4F7556}") = "DesignPatternsMVC", "DesignPatternsMVC\DesignPatternsMVC.csproj", "{C30A6701-4385-4B7E-95E3-2ED4E1AF8E6D}"
EndProject
Project("{9A19103F-16F7-4668-BE54-9A1E7A4F7556}") = "Tools", "Tools\Tools.csproj", "{C5D9ABF8-486E-4BBE-A448-61F68DE212B3}"
EndProject
Project("{2150E333-8FDC-42A3-9474-1A3956D46DE8}") = "Repository", "Repository", "{0A12BD70-04DC-4826-8A2C-4FCEC9CA1B50}"
EndProject
Project("{FAE04EC0-301F-11D3-BF4B-00C04F79EFBC}") = "RepositoryApp", "RepositoryApp\RepositoryApp.csproj", "{4C36AFDA-5DC9-41BD-A837-7001B7391252}"
EndProject
Global
	GlobalSection(SolutionConfigurationPlatforms) = preSolution
		Debug|Any CPU = Debug|Any CPU
		Debug|x64 = Debug|x64
		Release|Any CPU = Release|Any CPU
		Release|x64 = Release|x64
	EndGlobalSection
	GlobalSection(ProjectConfigurationPlatforms) = postSolution
		{EFE6E352-3E15-46A4-88D7-73A477E76A77}.Debug|Any CPU.ActiveCfg = Debug|x64
		{EFE6E352-3E15-46A4-88D7-73A477E76A77}.Debug|Any CPU.Build.0 = Debug|x64
		{EFE6E352-3E15-46A4-88D7-73A477E76A77}.Debug|x64.ActiveCfg = Debug|x64
		{EFE6E352-3E15-46A4-88D7-73A477E76A77}.Debug|x64.Build.0 = Debug|x64
		{EFE6E352-3E15-46A4-88D7-73A477E76A77}.Release|Any CPU.ActiveCfg = Debug|x64
		{EFE6E352-3E15-46A4-88D7-73A477E76A77}.Release|Any CPU.Build.0 = Debug|x64
		{EFE6E352-3E15-46A4-88D7-73A477E76A77}.Release|x64.ActiveCfg = Release|x64
		{EFE6E352-3E15-46A4-88D7-73A477E76A77}.Release|x64.Build.0 = Release|x64
		{C30A6701-4385-4B7E-95E3-2ED4E1AF8E6D}.Debug|Any CPU.ActiveCfg = Debug|Any CPU
		{C30A6701-4385-4B7E-95E3-2ED4E1AF8E6D}.Debug|Any CPU.Build.0 = Debug|Any CPU
		{C30A6701-4385-4B7E-95E3-2ED4E1AF8E6D}.Debug|x64.ActiveCfg = Debug|Any CPU
		{C30A6701-4385-4B7E-95E3-2ED4E1AF8E6D}.Debug|x64.Build.0 = Debug|Any CPU
		{C30A6701-4385-4B7E-95E3-2ED4E1AF8E6D}.Release|Any CPU.ActiveCfg = Release|Any CPU
		{C30A6701-4385-4B7E-95E3-2ED4E1AF8E6D}.Release|Any CPU.Build.0 = Release|Any CPU
		{C30A6701-4385-4B7E-95E3-2ED4E1AF8E6D}.Release|x64.ActiveCfg = Release|Any CPU
		{C30A6701-4385-4B7E-95E3-2ED4E1AF8E6D}.Release|x64.Build.0 = Release|Any CPU
		{C5D9ABF8-486E-4BBE-A448-61F68DE212B3}.Debug|Any CPU.ActiveCfg = Debug|Any CPU
		{C5D9ABF8-486E-4BBE-A448-61F68DE212B3}.Debug|Any CPU.Build.0 = Debug|Any CPU
		{C5D9ABF8-486E-4BBE-A448-61F68DE212B3}.Debug|x64.ActiveCfg = Debug|Any CPU
		{C5D9ABF8-486E-4BBE-A448-61F68DE212B3}.Debug|x64.Build.0 = Debug|Any CPU
		{C5D9ABF8-486E-4BBE-A448-61F68DE212B3}.Release|Any CPU.ActiveCfg = Release|Any CPU
		{C5D9ABF8-486E-4BBE-A448-61F68DE212B3}.Release|Any CPU.Build.0 = Release|Any CPU
		{C5D9ABF8-486E-4BBE-A448-61F68DE212B3}.Release|x64.ActiveCfg = Release|Any CPU
		{C5D9ABF8-486E-4BBE-A448-61F68DE212B3}.Release|x64.Build.0 = Release|Any CPU
		{4C36AFDA-5DC9-41BD-A837-7001B7391252}.Debug|Any CPU.ActiveCfg = Debug|Any CPU
		{4C36AFDA-5DC9-41BD-A837-7001B7391252}.Debug|Any CPU.Build.0 = Debug|Any CPU
		{4C36AFDA-5DC9-41BD-A837-7001B7391252}.Debug|x64.ActiveCfg = Debug|Any CPU
		{4C36AFDA-5DC9-41BD-A837-7001B7391252}.Debug|x64.Build.0 = Debug|Any CPU
		{4C36AFDA-5DC9-41BD-A837-7001B7391252}.Release|Any CPU.ActiveCfg = Release|Any CPU
		{4C36AFDA-5DC9-41BD-A837-7001B7391252}.Release|Any CPU.Build.0 = Release|Any CPU
		{4C36AFDA-5DC9-41BD-A837-7001B7391252}.Release|x64.ActiveCfg = Release|Any CPU
		{4C36AFDA-5DC9-41BD-A837-7001B7391252}.Release|x64.Build.0 = Release|Any CPU
	EndGlobalSection
	GlobalSection(SolutionProperties) = preSolution
		HideSolutionNode = FALSE
	EndGlobalSection
	GlobalSection(NestedProjects) = preSolution
		{4C36AFDA-5DC9-41BD-A837-7001B7391252} = {0A12BD70-04DC-4826-8A2C-4FCEC9CA1B50}
	EndGlobalSection
	GlobalSection(ExtensibilityGlobals) = postSolution
		SolutionGuid = {1B27F7DE-25DD-43AD-8989-ACE50284402C}
	EndGlobalSection
EndGlobal
